
Microsoft Visual Studio Solution File, Format Version 12.00
# Visual Studio Version 17
VisualStudioVersion = 17.2.32519.379
MinimumVisualStudioVersion = 10.0.40219.1
Project("{FAE04EC0-301F-11D3-BF4B-00C04F79EFBC}") = "create address book", "create address book\create address book.csproj", "{13DF9301-7FE6-47BE-95A6-FAE0F564C67F}"
EndProject
Project("{FAE04EC0-301F-11D3-BF4B-00C04F79EFBC}") = "Uc2_AblityToAddinAddressBook", "Uc2_AblityToAddinAddressBook\Uc2_AblityToAddinAddressBook.csproj", "{9864F60D-B6E8-47B6-87FD-18711260250E}"
EndProject
Project("{FAE04EC0-301F-11D3-BF4B-00C04F79EFBC}") = "uc3_EditExistingContact", "uc3_EditExistingContact\uc3_EditExistingContact.csproj", "{1325EACF-3F1D-4D19-A75C-2B9896718059}"
EndProject
Global
	GlobalSection(SolutionConfigurationPlatforms) = preSolution
		Debug|Any CPU = Debug|Any CPU
		Release|Any CPU = Release|Any CPU
	EndGlobalSection
	GlobalSection(ProjectConfigurationPlatforms) = postSolution
		{13DF9301-7FE6-47BE-95A6-FAE0F564C67F}.Debug|Any CPU.ActiveCfg = Debug|Any CPU
		{13DF9301-7FE6-47BE-95A6-FAE0F564C67F}.Debug|Any CPU.Build.0 = Debug|Any CPU
		{13DF9301-7FE6-47BE-95A6-FAE0F564C67F}.Release|Any CPU.ActiveCfg = Release|Any CPU
		{13DF9301-7FE6-47BE-95A6-FAE0F564C67F}.Release|Any CPU.Build.0 = Release|Any CPU
		{9864F60D-B6E8-47B6-87FD-18711260250E}.Debug|Any CPU.ActiveCfg = Debug|Any CPU
		{9864F60D-B6E8-47B6-87FD-18711260250E}.Debug|Any CPU.Build.0 = Debug|Any CPU
		{9864F60D-B6E8-47B6-87FD-18711260250E}.Release|Any CPU.ActiveCfg = Release|Any CPU
		{9864F60D-B6E8-47B6-87FD-18711260250E}.Release|Any CPU.Build.0 = Release|Any CPU
		{1325EACF-3F1D-4D19-A75C-2B9896718059}.Debug|Any CPU.ActiveCfg = Debug|Any CPU
		{1325EACF-3F1D-4D19-A75C-2B9896718059}.Debug|Any CPU.Build.0 = Debug|Any CPU
		{1325EACF-3F1D-4D19-A75C-2B9896718059}.Release|Any CPU.ActiveCfg = Release|Any CPU
		{1325EACF-3F1D-4D19-A75C-2B9896718059}.Release|Any CPU.Build.0 = Release|Any CPU
	EndGlobalSection
	GlobalSection(SolutionProperties) = preSolution
		HideSolutionNode = FALSE
	EndGlobalSection
	GlobalSection(ExtensibilityGlobals) = postSolution
		SolutionGuid = {B9E67BCA-75E2-43B2-B919-3E0C91F42560}
	EndGlobalSection
EndGlobal
